
Microsoft Visual Studio Solution File, Format Version 12.00
# Visual Studio 15
VisualStudioVersion = 15.0.28010.2016
MinimumVisualStudioVersion = 10.0.40219.1
Project("{FAE04EC0-301F-11D3-BF4B-00C04F79EFBC}") = "HelloWorldAPI", "HelloWorldAPI\HelloWorldAPI.csproj", "{BDA932FF-28DD-4A51-9869-959EF92F6931}"
EndProject
Project("{FAE04EC0-301F-11D3-BF4B-00C04F79EFBC}") = "HelloWorldAPITests", "HelloWorldAPITests\HelloWorldAPITests.csproj", "{95C8E1CD-552E-4E00-8C08-ED42902AFE81}"
EndProject
Project("{FAE04EC0-301F-11D3-BF4B-00C04F79EFBC}") = "HelloWorldManager", "HelloWorldManager\HelloWorldManager.csproj", "{73FDEEDD-8F27-43CD-B102-C4862E534A3C}"
EndProject
Project("{FAE04EC0-301F-11D3-BF4B-00C04F79EFBC}") = "HelloWorldManagerTest", "HelloWorldManagerTest\HelloWorldManagerTest.csproj", "{AC2ED078-49C4-4EAF-93FC-6898D15417DA}"
EndProject
Global
	GlobalSection(SolutionConfigurationPlatforms) = preSolution
		Debug|Any CPU = Debug|Any CPU
		Release|Any CPU = Release|Any CPU
	EndGlobalSection
	GlobalSection(ProjectConfigurationPlatforms) = postSolution
		{BDA932FF-28DD-4A51-9869-959EF92F6931}.Debug|Any CPU.ActiveCfg = Debug|Any CPU
		{BDA932FF-28DD-4A51-9869-959EF92F6931}.Debug|Any CPU.Build.0 = Debug|Any CPU
		{BDA932FF-28DD-4A51-9869-959EF92F6931}.Release|Any CPU.ActiveCfg = Release|Any CPU
		{BDA932FF-28DD-4A51-9869-959EF92F6931}.Release|Any CPU.Build.0 = Release|Any CPU
		{95C8E1CD-552E-4E00-8C08-ED42902AFE81}.Debug|Any CPU.ActiveCfg = Debug|Any CPU
		{95C8E1CD-552E-4E00-8C08-ED42902AFE81}.Debug|Any CPU.Build.0 = Debug|Any CPU
		{95C8E1CD-552E-4E00-8C08-ED42902AFE81}.Release|Any CPU.ActiveCfg = Release|Any CPU
		{95C8E1CD-552E-4E00-8C08-ED42902AFE81}.Release|Any CPU.Build.0 = Release|Any CPU
		{73FDEEDD-8F27-43CD-B102-C4862E534A3C}.Debug|Any CPU.ActiveCfg = Debug|Any CPU
		{73FDEEDD-8F27-43CD-B102-C4862E534A3C}.Debug|Any CPU.Build.0 = Debug|Any CPU
		{73FDEEDD-8F27-43CD-B102-C4862E534A3C}.Release|Any CPU.ActiveCfg = Release|Any CPU
		{73FDEEDD-8F27-43CD-B102-C4862E534A3C}.Release|Any CPU.Build.0 = Release|Any CPU
		{AC2ED078-49C4-4EAF-93FC-6898D15417DA}.Debug|Any CPU.ActiveCfg = Debug|Any CPU
		{AC2ED078-49C4-4EAF-93FC-6898D15417DA}.Debug|Any CPU.Build.0 = Debug|Any CPU
		{AC2ED078-49C4-4EAF-93FC-6898D15417DA}.Release|Any CPU.ActiveCfg = Release|Any CPU
		{AC2ED078-49C4-4EAF-93FC-6898D15417DA}.Release|Any CPU.Build.0 = Release|Any CPU
	EndGlobalSection
	GlobalSection(SolutionProperties) = preSolution
		HideSolutionNode = FALSE
	EndGlobalSection
	GlobalSection(ExtensibilityGlobals) = postSolution
		SolutionGuid = {E9328E1D-FC2F-4F08-B993-25E67FA6664A}
	EndGlobalSection
EndGlobal
